
Microsoft Visual Studio Solution File, Format Version 12.00
Project("{FAE04EC0-301F-11D3-BF4B-00C04F79EFBC}") = "Api", "Api\Api.csproj", "{F70278E2-8D0B-4DDC-AE2F-5E7C5349F035}"
EndProject
Project("{FAE04EC0-301F-11D3-BF4B-00C04F79EFBC}") = "Api.Test", "Api.Test\Api.Test.csproj", "{E8F656A1-C8AF-495D-BDF9-91D075DD64C5}"
EndProject
Project("{FAE04EC0-301F-11D3-BF4B-00C04F79EFBC}") = "Api.Domain", "Api.Domain\Api.Domain.csproj", "{EE70BBCC-4073-4C62-B809-2B53FC1B242D}"
EndProject
Project("{FAE04EC0-301F-11D3-BF4B-00C04F79EFBC}") = "Api.MemoryStore", "Api.MemoryStore\Api.MemoryStore.csproj", "{168AA59C-CD8E-4FC6-8008-5F3C6F385C05}"
EndProject
Project("{FAE04EC0-301F-11D3-BF4B-00C04F79EFBC}") = "Api.PermanentStore", "Api.PermanentStore\Api.PermanentStore.csproj", "{A700B57C-23C2-4860-A344-80631D00E33A}"
EndProject
Global
	GlobalSection(SolutionConfigurationPlatforms) = preSolution
		Debug|Any CPU = Debug|Any CPU
		Release|Any CPU = Release|Any CPU
	EndGlobalSection
	GlobalSection(ProjectConfigurationPlatforms) = postSolution
		{F70278E2-8D0B-4DDC-AE2F-5E7C5349F035}.Debug|Any CPU.ActiveCfg = Debug|Any CPU
		{F70278E2-8D0B-4DDC-AE2F-5E7C5349F035}.Debug|Any CPU.Build.0 = Debug|Any CPU
		{F70278E2-8D0B-4DDC-AE2F-5E7C5349F035}.Release|Any CPU.ActiveCfg = Release|Any CPU
		{F70278E2-8D0B-4DDC-AE2F-5E7C5349F035}.Release|Any CPU.Build.0 = Release|Any CPU
		{E8F656A1-C8AF-495D-BDF9-91D075DD64C5}.Debug|Any CPU.ActiveCfg = Debug|Any CPU
		{E8F656A1-C8AF-495D-BDF9-91D075DD64C5}.Debug|Any CPU.Build.0 = Debug|Any CPU
		{E8F656A1-C8AF-495D-BDF9-91D075DD64C5}.Release|Any CPU.ActiveCfg = Release|Any CPU
		{E8F656A1-C8AF-495D-BDF9-91D075DD64C5}.Release|Any CPU.Build.0 = Release|Any CPU
		{EE70BBCC-4073-4C62-B809-2B53FC1B242D}.Debug|Any CPU.ActiveCfg = Debug|Any CPU
		{EE70BBCC-4073-4C62-B809-2B53FC1B242D}.Debug|Any CPU.Build.0 = Debug|Any CPU
		{EE70BBCC-4073-4C62-B809-2B53FC1B242D}.Release|Any CPU.ActiveCfg = Release|Any CPU
		{EE70BBCC-4073-4C62-B809-2B53FC1B242D}.Release|Any CPU.Build.0 = Release|Any CPU
		{168AA59C-CD8E-4FC6-8008-5F3C6F385C05}.Debug|Any CPU.ActiveCfg = Debug|Any CPU
		{168AA59C-CD8E-4FC6-8008-5F3C6F385C05}.Debug|Any CPU.Build.0 = Debug|Any CPU
		{168AA59C-CD8E-4FC6-8008-5F3C6F385C05}.Release|Any CPU.ActiveCfg = Release|Any CPU
		{168AA59C-CD8E-4FC6-8008-5F3C6F385C05}.Release|Any CPU.Build.0 = Release|Any CPU
		{A700B57C-23C2-4860-A344-80631D00E33A}.Debug|Any CPU.ActiveCfg = Debug|Any CPU
		{A700B57C-23C2-4860-A344-80631D00E33A}.Debug|Any CPU.Build.0 = Debug|Any CPU
		{A700B57C-23C2-4860-A344-80631D00E33A}.Release|Any CPU.ActiveCfg = Release|Any CPU
		{A700B57C-23C2-4860-A344-80631D00E33A}.Release|Any CPU.Build.0 = Release|Any CPU
	EndGlobalSection
EndGlobal
